
Microsoft Visual Studio Solution File, Format Version 12.00
# Visual Studio Version 16
VisualStudioVersion = 16.0.30413.136
MinimumVisualStudioVersion = 10.0.40219.1
Project("{FAE04EC0-301F-11D3-BF4B-00C04F79EFBC}") = "PetApp", "PetApp.csproj", "{5BF71829-0765-44C7-AD9C-12B1541DBA33}"
EndProject
Global
	GlobalSection(SolutionConfigurationPlatforms) = preSolution
		Debug|Any CPU = Debug|Any CPU
		Release|Any CPU = Release|Any CPU
	EndGlobalSection
	GlobalSection(ProjectConfigurationPlatforms) = postSolution
		{5BF71829-0765-44C7-AD9C-12B1541DBA33}.Debug|Any CPU.ActiveCfg = Debug|Any CPU
		{5BF71829-0765-44C7-AD9C-12B1541DBA33}.Debug|Any CPU.Build.0 = Debug|Any CPU
		{5BF71829-0765-44C7-AD9C-12B1541DBA33}.Release|Any CPU.ActiveCfg = Release|Any CPU
		{5BF71829-0765-44C7-AD9C-12B1541DBA33}.Release|Any CPU.Build.0 = Release|Any CPU
	EndGlobalSection
	GlobalSection(SolutionProperties) = preSolution
		HideSolutionNode = FALSE
	EndGlobalSection
	GlobalSection(ExtensibilityGlobals) = postSolution
		SolutionGuid = {EBF33956-7B24-4EB4-A62F-794A440CF0E8}
	EndGlobalSection
EndGlobal
