
Microsoft Visual Studio Solution File, Format Version 12.00
# Visual Studio Version 16
VisualStudioVersion = 16.0.30413.136
MinimumVisualStudioVersion = 10.0.40219.1
Project("{FAE04EC0-301F-11D3-BF4B-00C04F79EFBC}") = "Jacques Gregoire_MadLibs", "Jacques Gregoire_MadLibs.csproj", "{925E34A3-6FAE-4B2C-BD4C-76E0B650429F}"
EndProject
Global
	GlobalSection(SolutionConfigurationPlatforms) = preSolution
		Debug|Any CPU = Debug|Any CPU
		Release|Any CPU = Release|Any CPU
	EndGlobalSection
	GlobalSection(ProjectConfigurationPlatforms) = postSolution
		{925E34A3-6FAE-4B2C-BD4C-76E0B650429F}.Debug|Any CPU.ActiveCfg = Debug|Any CPU
		{925E34A3-6FAE-4B2C-BD4C-76E0B650429F}.Debug|Any CPU.Build.0 = Debug|Any CPU
		{925E34A3-6FAE-4B2C-BD4C-76E0B650429F}.Release|Any CPU.ActiveCfg = Release|Any CPU
		{925E34A3-6FAE-4B2C-BD4C-76E0B650429F}.Release|Any CPU.Build.0 = Release|Any CPU
	EndGlobalSection
	GlobalSection(SolutionProperties) = preSolution
		HideSolutionNode = FALSE
	EndGlobalSection
	GlobalSection(ExtensibilityGlobals) = postSolution
		SolutionGuid = {4AA22410-209C-473B-A94F-BD3628FC7D9C}
	EndGlobalSection
EndGlobal
