
Microsoft Visual Studio Solution File, Format Version 12.00
# Visual Studio Version 16
VisualStudioVersion = 16.0.30413.136
MinimumVisualStudioVersion = 10.0.40219.1
Project("{FAE04EC0-301F-11D3-BF4B-00C04F79EFBC}") = "Salary2", "Salary2.csproj", "{EC285F4B-23DC-4E78-BAE1-C6EF9CE10205}"
EndProject
Global
	GlobalSection(SolutionConfigurationPlatforms) = preSolution
		Debug|Any CPU = Debug|Any CPU
		Release|Any CPU = Release|Any CPU
	EndGlobalSection
	GlobalSection(ProjectConfigurationPlatforms) = postSolution
		{EC285F4B-23DC-4E78-BAE1-C6EF9CE10205}.Debug|Any CPU.ActiveCfg = Debug|Any CPU
		{EC285F4B-23DC-4E78-BAE1-C6EF9CE10205}.Debug|Any CPU.Build.0 = Debug|Any CPU
		{EC285F4B-23DC-4E78-BAE1-C6EF9CE10205}.Release|Any CPU.ActiveCfg = Release|Any CPU
		{EC285F4B-23DC-4E78-BAE1-C6EF9CE10205}.Release|Any CPU.Build.0 = Release|Any CPU
	EndGlobalSection
	GlobalSection(SolutionProperties) = preSolution
		HideSolutionNode = FALSE
	EndGlobalSection
	GlobalSection(ExtensibilityGlobals) = postSolution
		SolutionGuid = {A89D936B-E94D-40A8-9FFE-336B80FC88E6}
	EndGlobalSection
EndGlobal
