
Microsoft Visual Studio Solution File, Format Version 12.00
# Visual Studio Version 16
VisualStudioVersion = 16.0.30413.136
MinimumVisualStudioVersion = 10.0.40219.1
Project("{FAE04EC0-301F-11D3-BF4B-00C04F79EFBC}") = "ClassLibrary1", "ClassLibrary1.csproj", "{B84E4940-33DE-4EE6-9DD8-E5D963AEEBB7}"
EndProject
Global
	GlobalSection(SolutionConfigurationPlatforms) = preSolution
		Debug|Any CPU = Debug|Any CPU
		Release|Any CPU = Release|Any CPU
	EndGlobalSection
	GlobalSection(ProjectConfigurationPlatforms) = postSolution
		{B84E4940-33DE-4EE6-9DD8-E5D963AEEBB7}.Debug|Any CPU.ActiveCfg = Debug|Any CPU
		{B84E4940-33DE-4EE6-9DD8-E5D963AEEBB7}.Debug|Any CPU.Build.0 = Debug|Any CPU
		{B84E4940-33DE-4EE6-9DD8-E5D963AEEBB7}.Release|Any CPU.ActiveCfg = Release|Any CPU
		{B84E4940-33DE-4EE6-9DD8-E5D963AEEBB7}.Release|Any CPU.Build.0 = Release|Any CPU
	EndGlobalSection
	GlobalSection(SolutionProperties) = preSolution
		HideSolutionNode = FALSE
	EndGlobalSection
	GlobalSection(ExtensibilityGlobals) = postSolution
		SolutionGuid = {5A2EABE4-8E5A-4418-848F-AE75ADB2116E}
	EndGlobalSection
EndGlobal
