
Microsoft Visual Studio Solution File, Format Version 12.00
# Visual Studio Version 16
VisualStudioVersion = 16.0.30413.136
MinimumVisualStudioVersion = 10.0.40219.1
Project("{FAE04EC0-301F-11D3-BF4B-00C04F79EFBC}") = "Hobby1", "Hobby1.csproj", "{F1140904-E35C-4878-8894-0B45440AB1DA}"
EndProject
Global
	GlobalSection(SolutionConfigurationPlatforms) = preSolution
		Debug|Any CPU = Debug|Any CPU
		Release|Any CPU = Release|Any CPU
	EndGlobalSection
	GlobalSection(ProjectConfigurationPlatforms) = postSolution
		{F1140904-E35C-4878-8894-0B45440AB1DA}.Debug|Any CPU.ActiveCfg = Debug|Any CPU
		{F1140904-E35C-4878-8894-0B45440AB1DA}.Debug|Any CPU.Build.0 = Debug|Any CPU
		{F1140904-E35C-4878-8894-0B45440AB1DA}.Release|Any CPU.ActiveCfg = Release|Any CPU
		{F1140904-E35C-4878-8894-0B45440AB1DA}.Release|Any CPU.Build.0 = Release|Any CPU
	EndGlobalSection
	GlobalSection(SolutionProperties) = preSolution
		HideSolutionNode = FALSE
	EndGlobalSection
	GlobalSection(ExtensibilityGlobals) = postSolution
		SolutionGuid = {D0BB7299-4A2A-477D-AA1C-A50EC214912F}
	EndGlobalSection
EndGlobal
