
Microsoft Visual Studio Solution File, Format Version 12.00
# Visual Studio Version 16
VisualStudioVersion = 16.0.30413.136
MinimumVisualStudioVersion = 10.0.40219.1
Project("{FAE04EC0-301F-11D3-BF4B-00C04F79EFBC}") = "Wizardry!", "Wizardry!.csproj", "{9108166A-7CF0-4EDB-83C6-2D2C57BDB635}"
EndProject
Global
	GlobalSection(SolutionConfigurationPlatforms) = preSolution
		Debug|Any CPU = Debug|Any CPU
		Release|Any CPU = Release|Any CPU
	EndGlobalSection
	GlobalSection(ProjectConfigurationPlatforms) = postSolution
		{9108166A-7CF0-4EDB-83C6-2D2C57BDB635}.Debug|Any CPU.ActiveCfg = Debug|Any CPU
		{9108166A-7CF0-4EDB-83C6-2D2C57BDB635}.Debug|Any CPU.Build.0 = Debug|Any CPU
		{9108166A-7CF0-4EDB-83C6-2D2C57BDB635}.Release|Any CPU.ActiveCfg = Release|Any CPU
		{9108166A-7CF0-4EDB-83C6-2D2C57BDB635}.Release|Any CPU.Build.0 = Release|Any CPU
	EndGlobalSection
	GlobalSection(SolutionProperties) = preSolution
		HideSolutionNode = FALSE
	EndGlobalSection
	GlobalSection(ExtensibilityGlobals) = postSolution
		SolutionGuid = {9C00C0C2-28AA-422C-9439-40D89A510F2B}
	EndGlobalSection
EndGlobal
