
Microsoft Visual Studio Solution File, Format Version 12.00
# Visual Studio Version 16
VisualStudioVersion = 16.0.30413.136
MinimumVisualStudioVersion = 10.0.40219.1
Project("{FAE04EC0-301F-11D3-BF4B-00C04F79EFBC}") = "Jacques Gregoire_PE-6", "Jacques Gregoire_PE-6.csproj", "{EACC0089-9F49-4B5F-8BA3-F491FAB42F27}"
EndProject
Global
	GlobalSection(SolutionConfigurationPlatforms) = preSolution
		Debug|Any CPU = Debug|Any CPU
		Release|Any CPU = Release|Any CPU
	EndGlobalSection
	GlobalSection(ProjectConfigurationPlatforms) = postSolution
		{EACC0089-9F49-4B5F-8BA3-F491FAB42F27}.Debug|Any CPU.ActiveCfg = Debug|Any CPU
		{EACC0089-9F49-4B5F-8BA3-F491FAB42F27}.Debug|Any CPU.Build.0 = Debug|Any CPU
		{EACC0089-9F49-4B5F-8BA3-F491FAB42F27}.Release|Any CPU.ActiveCfg = Release|Any CPU
		{EACC0089-9F49-4B5F-8BA3-F491FAB42F27}.Release|Any CPU.Build.0 = Release|Any CPU
	EndGlobalSection
	GlobalSection(SolutionProperties) = preSolution
		HideSolutionNode = FALSE
	EndGlobalSection
	GlobalSection(ExtensibilityGlobals) = postSolution
		SolutionGuid = {95204367-B310-4BF8-9675-28B3827F664C}
	EndGlobalSection
EndGlobal
