
Microsoft Visual Studio Solution File, Format Version 12.00
# Visual Studio Version 16
VisualStudioVersion = 16.0.30413.136
MinimumVisualStudioVersion = 10.0.40219.1
Project("{FAE04EC0-301F-11D3-BF4B-00C04F79EFBC}") = "MathQuizTest", "MathQuizTest.csproj", "{61D5771D-68DB-46C7-9297-D57A736498B0}"
EndProject
Global
	GlobalSection(SolutionConfigurationPlatforms) = preSolution
		Debug|Any CPU = Debug|Any CPU
		Release|Any CPU = Release|Any CPU
	EndGlobalSection
	GlobalSection(ProjectConfigurationPlatforms) = postSolution
		{61D5771D-68DB-46C7-9297-D57A736498B0}.Debug|Any CPU.ActiveCfg = Debug|Any CPU
		{61D5771D-68DB-46C7-9297-D57A736498B0}.Debug|Any CPU.Build.0 = Debug|Any CPU
		{61D5771D-68DB-46C7-9297-D57A736498B0}.Release|Any CPU.ActiveCfg = Release|Any CPU
		{61D5771D-68DB-46C7-9297-D57A736498B0}.Release|Any CPU.Build.0 = Release|Any CPU
	EndGlobalSection
	GlobalSection(SolutionProperties) = preSolution
		HideSolutionNode = FALSE
	EndGlobalSection
	GlobalSection(ExtensibilityGlobals) = postSolution
		SolutionGuid = {189FDB21-B6F0-4542-BFDB-D60EE0C4BAE0}
	EndGlobalSection
EndGlobal
