
Microsoft Visual Studio Solution File, Format Version 12.00
# Visual Studio Version 16
VisualStudioVersion = 16.0.30413.136
MinimumVisualStudioVersion = 10.0.40219.1
Project("{FAE04EC0-301F-11D3-BF4B-00C04F79EFBC}") = "StringReader", "StringReader.csproj", "{973614A8-7980-4429-B2A6-9C3BCBD83207}"
EndProject
Global
	GlobalSection(SolutionConfigurationPlatforms) = preSolution
		Debug|Any CPU = Debug|Any CPU
		Release|Any CPU = Release|Any CPU
	EndGlobalSection
	GlobalSection(ProjectConfigurationPlatforms) = postSolution
		{973614A8-7980-4429-B2A6-9C3BCBD83207}.Debug|Any CPU.ActiveCfg = Debug|Any CPU
		{973614A8-7980-4429-B2A6-9C3BCBD83207}.Debug|Any CPU.Build.0 = Debug|Any CPU
		{973614A8-7980-4429-B2A6-9C3BCBD83207}.Release|Any CPU.ActiveCfg = Release|Any CPU
		{973614A8-7980-4429-B2A6-9C3BCBD83207}.Release|Any CPU.Build.0 = Release|Any CPU
	EndGlobalSection
	GlobalSection(SolutionProperties) = preSolution
		HideSolutionNode = FALSE
	EndGlobalSection
	GlobalSection(ExtensibilityGlobals) = postSolution
		SolutionGuid = {04288027-7BCF-4D5C-AC38-F9A418AA95FB}
	EndGlobalSection
EndGlobal
