
Microsoft Visual Studio Solution File, Format Version 12.00
# Visual Studio Version 16
VisualStudioVersion = 16.0.30413.136
MinimumVisualStudioVersion = 10.0.40219.1
Project("{FAE04EC0-301F-11D3-BF4B-00C04F79EFBC}") = "Tester3", "Tester3.csproj", "{FEBE3C7D-3352-4CB6-8570-9219AC5F38FA}"
EndProject
Global
	GlobalSection(SolutionConfigurationPlatforms) = preSolution
		Debug|Any CPU = Debug|Any CPU
		Release|Any CPU = Release|Any CPU
	EndGlobalSection
	GlobalSection(ProjectConfigurationPlatforms) = postSolution
		{FEBE3C7D-3352-4CB6-8570-9219AC5F38FA}.Debug|Any CPU.ActiveCfg = Debug|Any CPU
		{FEBE3C7D-3352-4CB6-8570-9219AC5F38FA}.Debug|Any CPU.Build.0 = Debug|Any CPU
		{FEBE3C7D-3352-4CB6-8570-9219AC5F38FA}.Release|Any CPU.ActiveCfg = Release|Any CPU
		{FEBE3C7D-3352-4CB6-8570-9219AC5F38FA}.Release|Any CPU.Build.0 = Release|Any CPU
	EndGlobalSection
	GlobalSection(SolutionProperties) = preSolution
		HideSolutionNode = FALSE
	EndGlobalSection
	GlobalSection(ExtensibilityGlobals) = postSolution
		SolutionGuid = {5B3D3D10-5E93-4B47-9CBA-B9E8964B8442}
	EndGlobalSection
EndGlobal
