
Microsoft Visual Studio Solution File, Format Version 12.00
# Visual Studio Version 16
VisualStudioVersion = 16.0.30413.136
MinimumVisualStudioVersion = 10.0.40219.1
Project("{FAE04EC0-301F-11D3-BF4B-00C04F79EFBC}") = "CourseLib2", "CourseLib2.csproj", "{8EFD3B02-FFBA-476C-A61F-FBD838AA68A2}"
EndProject
Global
	GlobalSection(SolutionConfigurationPlatforms) = preSolution
		Debug|Any CPU = Debug|Any CPU
		Release|Any CPU = Release|Any CPU
	EndGlobalSection
	GlobalSection(ProjectConfigurationPlatforms) = postSolution
		{8EFD3B02-FFBA-476C-A61F-FBD838AA68A2}.Debug|Any CPU.ActiveCfg = Debug|Any CPU
		{8EFD3B02-FFBA-476C-A61F-FBD838AA68A2}.Debug|Any CPU.Build.0 = Debug|Any CPU
		{8EFD3B02-FFBA-476C-A61F-FBD838AA68A2}.Release|Any CPU.ActiveCfg = Release|Any CPU
		{8EFD3B02-FFBA-476C-A61F-FBD838AA68A2}.Release|Any CPU.Build.0 = Release|Any CPU
	EndGlobalSection
	GlobalSection(SolutionProperties) = preSolution
		HideSolutionNode = FALSE
	EndGlobalSection
	GlobalSection(ExtensibilityGlobals) = postSolution
		SolutionGuid = {195B9640-CEE4-4B45-B10A-95A7B0ED8F79}
	EndGlobalSection
EndGlobal
